
Microsoft Visual Studio Solution File, Format Version 12.00
# 
Project("{2150E333-8FDC-42A3-9474-1A3956D46DE8}") = "src", "src", "{ECB0223D-9C50-417F-91C2-FFF3B6AE3F22}"
EndProject
Project("{FAE04EC0-301F-11D3-BF4B-00C04F79EFBC}") = "NotifyHub.API", "src\NotifyHub.API\NotifyHub.API.csproj", "{7B7681AC-F9AB-4E92-8759-9D9CE7FB9BFE}"
EndProject
Project("{FAE04EC0-301F-11D3-BF4B-00C04F79EFBC}") = "NotifyHub.Consumers", "src\NotifyHub.Consumers\NotifyHub.Consumers.csproj", "{5A0907C5-D1FB-409E-9833-4CBF755048FD}"
EndProject
Global
	GlobalSection(SolutionConfigurationPlatforms) = preSolution
		Debug|Any CPU = Debug|Any CPU
		Release|Any CPU = Release|Any CPU
	EndGlobalSection
	GlobalSection(ProjectConfigurationPlatforms) = postSolution
		{7B7681AC-F9AB-4E92-8759-9D9CE7FB9BFE}.Debug|Any CPU.ActiveCfg = Debug|Any CPU
		{7B7681AC-F9AB-4E92-8759-9D9CE7FB9BFE}.Debug|Any CPU.Build.0 = Debug|Any CPU
		{7B7681AC-F9AB-4E92-8759-9D9CE7FB9BFE}.Release|Any CPU.ActiveCfg = Release|Any CPU
		{7B7681AC-F9AB-4E92-8759-9D9CE7FB9BFE}.Release|Any CPU.Build.0 = Release|Any CPU
		{5A0907C5-D1FB-409E-9833-4CBF755048FD}.Debug|Any CPU.ActiveCfg = Debug|Any CPU
		{5A0907C5-D1FB-409E-9833-4CBF755048FD}.Debug|Any CPU.Build.0 = Debug|Any CPU
		{5A0907C5-D1FB-409E-9833-4CBF755048FD}.Release|Any CPU.ActiveCfg = Release|Any CPU
		{5A0907C5-D1FB-409E-9833-4CBF755048FD}.Release|Any CPU.Build.0 = Release|Any CPU
	EndGlobalSection
	GlobalSection(NestedProjects) = preSolution
		{7B7681AC-F9AB-4E92-8759-9D9CE7FB9BFE} = {ECB0223D-9C50-417F-91C2-FFF3B6AE3F22}
		{5A0907C5-D1FB-409E-9833-4CBF755048FD} = {ECB0223D-9C50-417F-91C2-FFF3B6AE3F22}
	EndGlobalSection
EndGlobal
